
Microsoft Visual Studio Solution File, Format Version 12.00
# Visual Studio Version 17
VisualStudioVersion = 17.5.002.0
MinimumVisualStudioVersion = 10.0.40219.1
Project("{9A19103F-16F7-4668-BE54-9A1E7A4F7556}") = "BouncyBallProgram", "BouncyBallProgram.csproj", "{84CB8191-9EEA-46EF-87CE-93F2C31AE5C2}"
EndProject
Global
	GlobalSection(SolutionConfigurationPlatforms) = preSolution
		Debug|Any CPU = Debug|Any CPU
		Release|Any CPU = Release|Any CPU
	EndGlobalSection
	GlobalSection(ProjectConfigurationPlatforms) = postSolution
		{84CB8191-9EEA-46EF-87CE-93F2C31AE5C2}.Debug|Any CPU.ActiveCfg = Debug|Any CPU
		{84CB8191-9EEA-46EF-87CE-93F2C31AE5C2}.Debug|Any CPU.Build.0 = Debug|Any CPU
		{84CB8191-9EEA-46EF-87CE-93F2C31AE5C2}.Release|Any CPU.ActiveCfg = Release|Any CPU
		{84CB8191-9EEA-46EF-87CE-93F2C31AE5C2}.Release|Any CPU.Build.0 = Release|Any CPU
	EndGlobalSection
	GlobalSection(SolutionProperties) = preSolution
		HideSolutionNode = FALSE
	EndGlobalSection
	GlobalSection(ExtensibilityGlobals) = postSolution
		SolutionGuid = {CFD6028D-6A10-4435-BAC5-5F90A56CF4DA}
	EndGlobalSection
EndGlobal
